
Microsoft Visual Studio Solution File, Format Version 10.00
# Visual Basic Express 2008
Project("{F184B08F-C81C-45F6-A57F-5ABD9991F28F}") = "CannonBall_V1", "CannonBall_V1\CannonBall_V1.vbproj", "{2626CD87-EAC7-46CC-9E86-004A695F1567}"
EndProject
Global
	GlobalSection(SolutionConfigurationPlatforms) = preSolution
		Debug|Any CPU = Debug|Any CPU
		Release|Any CPU = Release|Any CPU
	EndGlobalSection
	GlobalSection(ProjectConfigurationPlatforms) = postSolution
		{2626CD87-EAC7-46CC-9E86-004A695F1567}.Debug|Any CPU.ActiveCfg = Debug|Any CPU
		{2626CD87-EAC7-46CC-9E86-004A695F1567}.Debug|Any CPU.Build.0 = Debug|Any CPU
		{2626CD87-EAC7-46CC-9E86-004A695F1567}.Release|Any CPU.ActiveCfg = Release|Any CPU
		{2626CD87-EAC7-46CC-9E86-004A695F1567}.Release|Any CPU.Build.0 = Release|Any CPU
	EndGlobalSection
	GlobalSection(SolutionProperties) = preSolution
		HideSolutionNode = FALSE
	EndGlobalSection
EndGlobal
